
Microsoft Visual Studio Solution File, Format Version 12.00
# Visual Studio Version 17
VisualStudioVersion = 17.4.33122.133
MinimumVisualStudioVersion = 10.0.40219.1
Project("{FAE04EC0-301F-11D3-BF4B-00C04F79EFBC}") = "RemoveNodeFromList", "RemoveNodeFromList\RemoveNodeFromList.csproj", "{F5EBE77F-0307-4CD8-B4E6-257498F6A308}"
EndProject
Project("{FAE04EC0-301F-11D3-BF4B-00C04F79EFBC}") = "RemoveNodeFromList.Tests", "RemoveNodeFromList.Tests\RemoveNodeFromList.Tests.csproj", "{13646726-38DE-461A-A9BE-7AEBCA25C644}"
EndProject
Global
	GlobalSection(SolutionConfigurationPlatforms) = preSolution
		Debug|Any CPU = Debug|Any CPU
		Release|Any CPU = Release|Any CPU
	EndGlobalSection
	GlobalSection(ProjectConfigurationPlatforms) = postSolution
		{F5EBE77F-0307-4CD8-B4E6-257498F6A308}.Debug|Any CPU.ActiveCfg = Debug|Any CPU
		{F5EBE77F-0307-4CD8-B4E6-257498F6A308}.Debug|Any CPU.Build.0 = Debug|Any CPU
		{F5EBE77F-0307-4CD8-B4E6-257498F6A308}.Release|Any CPU.ActiveCfg = Release|Any CPU
		{F5EBE77F-0307-4CD8-B4E6-257498F6A308}.Release|Any CPU.Build.0 = Release|Any CPU
		{13646726-38DE-461A-A9BE-7AEBCA25C644}.Debug|Any CPU.ActiveCfg = Debug|Any CPU
		{13646726-38DE-461A-A9BE-7AEBCA25C644}.Debug|Any CPU.Build.0 = Debug|Any CPU
		{13646726-38DE-461A-A9BE-7AEBCA25C644}.Release|Any CPU.ActiveCfg = Release|Any CPU
		{13646726-38DE-461A-A9BE-7AEBCA25C644}.Release|Any CPU.Build.0 = Release|Any CPU
	EndGlobalSection
	GlobalSection(SolutionProperties) = preSolution
		HideSolutionNode = FALSE
	EndGlobalSection
	GlobalSection(ExtensibilityGlobals) = postSolution
		SolutionGuid = {A55BBF43-B1C7-4BB3-A08C-ADC7AB9AABE5}
	EndGlobalSection
EndGlobal
